// !$*UTF8*$!
{
	archiveVersion = 1;
	classes = {
	};
	objectVersion = 46;
	objects = {

/* Begin PBXBuildFile section */
		935D150F1507F98500043FCA /* Emote.h in Headers */ = {isa = PBXBuildFile; fileRef = 935D150E1507F98500043FCA /* Emote.h */; };
		935D15121507F9AD00043FCA /* Emote.c in Sources */ = {isa = PBXBuildFile; fileRef = 935D15111507F9AD00043FCA /* Emote.c */; };
		937833621508B4E10008253C /* libftd2xx.1.1.0.dylib in Frameworks */ = {isa = PBXBuildFile; fileRef = 937833611508B4E10008253C /* libftd2xx.1.1.0.dylib */; };
/* End PBXBuildFile section */

/* Begin PBXFileReference section */
		933CA0E21502519100A0C530 /* libEmote.dylib */ = {isa = PBXFileReference; explicitFileType = "compiled.mach-o.dylib"; includeInIndex = 0; path = libEmote.dylib; sourceTree = BUILT_PRODUCTS_DIR; };
		935D150E1507F98500043FCA /* Emote.h */ = {isa = PBXFileReference; fileEncoding = 4; lastKnownFileType = sourcecode.c.h; name = Emote.h; path = src/Emote.h; sourceTree = "<group>"; };
		935D15111507F9AD00043FCA /* Emote.c */ = {isa = PBXFileReference; fileEncoding = 4; lastKnownFileType = sourcecode.c.c; name = Emote.c; path = src/Emote.c; sourceTree = "<group>"; };
		937833611508B4E10008253C /* libftd2xx.1.1.0.dylib */ = {isa = PBXFileReference; lastKnownFileType = "compiled.mach-o.dylib"; name = libftd2xx.1.1.0.dylib; path = lib/Mac/libftd2xx.1.1.0.dylib; sourceTree = "<group>"; };
		93BBEEAE1512B44B003A43DE /* libpthread.dylib */ = {isa = PBXFileReference; lastKnownFileType = "compiled.mach-o.dylib"; name = libpthread.dylib; path = usr/lib/libpthread.dylib; sourceTree = SDKROOT; };
/* End PBXFileReference section */

/* Begin PBXFrameworksBuildPhase section */
		933CA0DF1502519100A0C530 /* Frameworks */ = {
			isa = PBXFrameworksBuildPhase;
			buildActionMask = 2147483647;
			files = (
				937833621508B4E10008253C /* libftd2xx.1.1.0.dylib in Frameworks */,
			);
			runOnlyForDeploymentPostprocessing = 0;
		};
/* End PBXFrameworksBuildPhase section */

/* Begin PBXGroup section */
		933CA0D71502519100A0C530 = {
			isa = PBXGroup;
			children = (
				93BBEEAE1512B44B003A43DE /* libpthread.dylib */,
				937833611508B4E10008253C /* libftd2xx.1.1.0.dylib */,
				933CA0F8150253F600A0C530 /* Emote */,
				933CA0E31502519100A0C530 /* Products */,
			);
			sourceTree = "<group>";
		};
		933CA0E31502519100A0C530 /* Products */ = {
			isa = PBXGroup;
			children = (
				933CA0E21502519100A0C530 /* libEmote.dylib */,
			);
			name = Products;
			sourceTree = "<group>";
		};
		933CA0F8150253F600A0C530 /* Emote */ = {
			isa = PBXGroup;
			children = (
				935D150E1507F98500043FCA /* Emote.h */,
				935D15111507F9AD00043FCA /* Emote.c */,
			);
			name = Emote;
			sourceTree = "<group>";
		};
/* End PBXGroup section */

/* Begin PBXHeadersBuildPhase section */
		933CA0E01502519100A0C530 /* Headers */ = {
			isa = PBXHeadersBuildPhase;
			buildActionMask = 2147483647;
			files = (
				935D150F1507F98500043FCA /* Emote.h in Headers */,
			);
			runOnlyForDeploymentPostprocessing = 0;
		};
/* End PBXHeadersBuildPhase section */

/* Begin PBXNativeTarget section */
		933CA0E11502519100A0C530 /* Emote */ = {
			isa = PBXNativeTarget;
			buildConfigurationList = 933CA0E61502519100A0C530 /* Build configuration list for PBXNativeTarget "Emote" */;
			buildPhases = (
				933CA0DE1502519100A0C530 /* Sources */,
				933CA0DF1502519100A0C530 /* Frameworks */,
				933CA0E01502519100A0C530 /* Headers */,
			);
			buildRules = (
			);
			dependencies = (
			);
			name = Emote;
			productName = Emote;
			productReference = 933CA0E21502519100A0C530 /* libEmote.dylib */;
			productType = "com.apple.product-type.library.dynamic";
		};
/* End PBXNativeTarget section */

/* Begin PBXProject section */
		933CA0D91502519100A0C530 /* Project object */ = {
			isa = PBXProject;
			attributes = {
				LastUpgradeCheck = 0430;
				ORGANIZATIONNAME = something.pl;
			};
			buildConfigurationList = 933CA0DC1502519100A0C530 /* Build configuration list for PBXProject "Emote" */;
			compatibilityVersion = "Xcode 3.2";
			developmentRegion = English;
			hasScannedForEncodings = 0;
			knownRegions = (
				en,
			);
			mainGroup = 933CA0D71502519100A0C530;
			productRefGroup = 933CA0E31502519100A0C530 /* Products */;
			projectDirPath = "";
			projectRoot = "";
			targets = (
				933CA0E11502519100A0C530 /* Emote */,
			);
		};
/* End PBXProject section */

/* Begin PBXSourcesBuildPhase section */
		933CA0DE1502519100A0C530 /* Sources */ = {
			isa = PBXSourcesBuildPhase;
			buildActionMask = 2147483647;
			files = (
				935D15121507F9AD00043FCA /* Emote.c in Sources */,
			);
			runOnlyForDeploymentPostprocessing = 0;
		};
/* End PBXSourcesBuildPhase section */

/* Begin XCBuildConfiguration section */
		933CA0E41502519100A0C530 /* Debug */ = {
			isa = XCBuildConfiguration;
			buildSettings = {
				ALWAYS_SEARCH_USER_PATHS = YES;
				ARCHS = "$(ARCHS_STANDARD_32_BIT)";
				COPY_PHASE_STRIP = NO;
				GCC_C_LANGUAGE_STANDARD = gnu99;
				GCC_DYNAMIC_NO_PIC = NO;
				GCC_ENABLE_OBJC_EXCEPTIONS = YES;
				GCC_OPTIMIZATION_LEVEL = 0;
				GCC_PREPROCESSOR_DEFINITIONS = (
					"DEBUG=1",
					"$(inherited)",
				);
				GCC_SYMBOLS_PRIVATE_EXTERN = NO;
				GCC_VERSION = com.apple.compilers.llvm.clang.1_0;
				GCC_WARN_64_TO_32_BIT_CONVERSION = YES;
				GCC_WARN_ABOUT_MISSING_PROTOTYPES = YES;
				GCC_WARN_ABOUT_RETURN_TYPE = YES;
				GCC_WARN_UNUSED_VARIABLE = YES;
				LIBRARY_SEARCH_PATHS = "";
				MACOSX_DEPLOYMENT_TARGET = 10.6;
				ONLY_ACTIVE_ARCH = NO;
				REZ_SEARCH_PATHS = "";
				SDKROOT = macosx10.6;
				USER_HEADER_SEARCH_PATHS = "";
			};
			name = Debug;
		};
		933CA0E51502519100A0C530 /* Release */ = {
			isa = XCBuildConfiguration;
			buildSettings = {
				ALWAYS_SEARCH_USER_PATHS = YES;
				ARCHS = "$(ARCHS_STANDARD_32_BIT)";
				COPY_PHASE_STRIP = YES;
				DEBUG_INFORMATION_FORMAT = "dwarf-with-dsym";
				GCC_C_LANGUAGE_STANDARD = gnu99;
				GCC_ENABLE_OBJC_EXCEPTIONS = YES;
				GCC_VERSION = com.apple.compilers.llvm.clang.1_0;
				GCC_WARN_64_TO_32_BIT_CONVERSION = YES;
				GCC_WARN_ABOUT_MISSING_PROTOTYPES = YES;
				GCC_WARN_ABOUT_RETURN_TYPE = YES;
				GCC_WARN_UNUSED_VARIABLE = YES;
				LIBRARY_SEARCH_PATHS = "";
				MACOSX_DEPLOYMENT_TARGET = 10.6;
				REZ_SEARCH_PATHS = "";
				SDKROOT = macosx10.6;
				USER_HEADER_SEARCH_PATHS = "";
			};
			name = Release;
		};
		933CA0E71502519100A0C530 /* Debug */ = {
			isa = XCBuildConfiguration;
			buildSettings = {
				ARCHS = "$(ARCHS_STANDARD_32_BIT)";
				EXECUTABLE_PREFIX = lib;
				LIBRARY_SEARCH_PATHS = (
					"$(inherited)",
					"\"$(SRCROOT)/lib\"",
					"\"$(SRCROOT)/lib/Mac\"",
				);
				MACOSX_DEPLOYMENT_TARGET = 10.6;
				ONLY_ACTIVE_ARCH = NO;
				PRODUCT_NAME = "$(TARGET_NAME)";
				SDKROOT = macosx10.6;
				VALID_ARCHS = "i386 x86_64";
			};
			name = Debug;
		};
		933CA0E81502519100A0C530 /* Release */ = {
			isa = XCBuildConfiguration;
			buildSettings = {
				ARCHS = "$(ARCHS_STANDARD_32_BIT)";
				EXECUTABLE_PREFIX = lib;
				LIBRARY_SEARCH_PATHS = (
					"$(inherited)",
					"\"$(SRCROOT)/lib\"",
					"\"$(SRCROOT)/lib/Mac\"",
				);
				MACOSX_DEPLOYMENT_TARGET = 10.6;
				PRODUCT_NAME = "$(TARGET_NAME)";
				SDKROOT = macosx10.6;
				VALID_ARCHS = "i386 x86_64";
			};
			name = Release;
		};
/* End XCBuildConfiguration section */

/* Begin XCConfigurationList section */
		933CA0DC1502519100A0C530 /* Build configuration list for PBXProject "Emote" */ = {
			isa = XCConfigurationList;
			buildConfigurations = (
				933CA0E41502519100A0C530 /* Debug */,
				933CA0E51502519100A0C530 /* Release */,
			);
			defaultConfigurationIsVisible = 0;
			defaultConfigurationName = Release;
		};
		933CA0E61502519100A0C530 /* Build configuration list for PBXNativeTarget "Emote" */ = {
			isa = XCConfigurationList;
			buildConfigurations = (
				933CA0E71502519100A0C530 /* Debug */,
				933CA0E81502519100A0C530 /* Release */,
			);
			defaultConfigurationIsVisible = 0;
			defaultConfigurationName = Release;
		};
/* End XCConfigurationList section */
	};
	rootObject = 933CA0D91502519100A0C530 /* Project object */;
}
